
Microsoft Visual Studio Solution File, Format Version 12.00
# Visual Studio Version 16
VisualStudioVersion = 16.6.30114.105
MinimumVisualStudioVersion = 10.0.40219.1
Project("{FAE04EC0-301F-11D3-BF4B-00C04F79EFBC}") = "API", "API\API.csproj", "{E570F937-31C3-4912-A705-8A5DAE9B0EA9}"
EndProject
Project("{FAE04EC0-301F-11D3-BF4B-00C04F79EFBC}") = "Domain", "Domain\Domain.csproj", "{987091E0-27EF-403D-B39E-154F2AAA296F}"
EndProject
Project("{FAE04EC0-301F-11D3-BF4B-00C04F79EFBC}") = "Application", "Application\Application.csproj", "{C05B2597-FD4C-4C1C-AC42-7F952C8798A0}"
EndProject
Project("{FAE04EC0-301F-11D3-BF4B-00C04F79EFBC}") = "Persistence", "Persistence\Persistence.csproj", "{ACCB67A4-F80F-427B-8372-963D82FBE2C8}"
EndProject
Global
	GlobalSection(SolutionConfigurationPlatforms) = preSolution
		Debug|Any CPU = Debug|Any CPU
		Debug|x64 = Debug|x64
		Debug|x86 = Debug|x86
		Release|Any CPU = Release|Any CPU
		Release|x64 = Release|x64
		Release|x86 = Release|x86
	EndGlobalSection
	GlobalSection(SolutionProperties) = preSolution
		HideSolutionNode = FALSE
	EndGlobalSection
	GlobalSection(ProjectConfigurationPlatforms) = postSolution
		{E570F937-31C3-4912-A705-8A5DAE9B0EA9}.Debug|Any CPU.ActiveCfg = Debug|Any CPU
		{E570F937-31C3-4912-A705-8A5DAE9B0EA9}.Debug|Any CPU.Build.0 = Debug|Any CPU
		{E570F937-31C3-4912-A705-8A5DAE9B0EA9}.Debug|x64.ActiveCfg = Debug|Any CPU
		{E570F937-31C3-4912-A705-8A5DAE9B0EA9}.Debug|x64.Build.0 = Debug|Any CPU
		{E570F937-31C3-4912-A705-8A5DAE9B0EA9}.Debug|x86.ActiveCfg = Debug|Any CPU
		{E570F937-31C3-4912-A705-8A5DAE9B0EA9}.Debug|x86.Build.0 = Debug|Any CPU
		{E570F937-31C3-4912-A705-8A5DAE9B0EA9}.Release|Any CPU.ActiveCfg = Release|Any CPU
		{E570F937-31C3-4912-A705-8A5DAE9B0EA9}.Release|Any CPU.Build.0 = Release|Any CPU
		{E570F937-31C3-4912-A705-8A5DAE9B0EA9}.Release|x64.ActiveCfg = Release|Any CPU
		{E570F937-31C3-4912-A705-8A5DAE9B0EA9}.Release|x64.Build.0 = Release|Any CPU
		{E570F937-31C3-4912-A705-8A5DAE9B0EA9}.Release|x86.ActiveCfg = Release|Any CPU
		{E570F937-31C3-4912-A705-8A5DAE9B0EA9}.Release|x86.Build.0 = Release|Any CPU
		{987091E0-27EF-403D-B39E-154F2AAA296F}.Debug|Any CPU.ActiveCfg = Debug|Any CPU
		{987091E0-27EF-403D-B39E-154F2AAA296F}.Debug|Any CPU.Build.0 = Debug|Any CPU
		{987091E0-27EF-403D-B39E-154F2AAA296F}.Debug|x64.ActiveCfg = Debug|Any CPU
		{987091E0-27EF-403D-B39E-154F2AAA296F}.Debug|x64.Build.0 = Debug|Any CPU
		{987091E0-27EF-403D-B39E-154F2AAA296F}.Debug|x86.ActiveCfg = Debug|Any CPU
		{987091E0-27EF-403D-B39E-154F2AAA296F}.Debug|x86.Build.0 = Debug|Any CPU
		{987091E0-27EF-403D-B39E-154F2AAA296F}.Release|Any CPU.ActiveCfg = Release|Any CPU
		{987091E0-27EF-403D-B39E-154F2AAA296F}.Release|Any CPU.Build.0 = Release|Any CPU
		{987091E0-27EF-403D-B39E-154F2AAA296F}.Release|x64.ActiveCfg = Release|Any CPU
		{987091E0-27EF-403D-B39E-154F2AAA296F}.Release|x64.Build.0 = Release|Any CPU
		{987091E0-27EF-403D-B39E-154F2AAA296F}.Release|x86.ActiveCfg = Release|Any CPU
		{987091E0-27EF-403D-B39E-154F2AAA296F}.Release|x86.Build.0 = Release|Any CPU
		{C05B2597-FD4C-4C1C-AC42-7F952C8798A0}.Debug|Any CPU.ActiveCfg = Debug|Any CPU
		{C05B2597-FD4C-4C1C-AC42-7F952C8798A0}.Debug|Any CPU.Build.0 = Debug|Any CPU
		{C05B2597-FD4C-4C1C-AC42-7F952C8798A0}.Debug|x64.ActiveCfg = Debug|Any CPU
		{C05B2597-FD4C-4C1C-AC42-7F952C8798A0}.Debug|x64.Build.0 = Debug|Any CPU
		{C05B2597-FD4C-4C1C-AC42-7F952C8798A0}.Debug|x86.ActiveCfg = Debug|Any CPU
		{C05B2597-FD4C-4C1C-AC42-7F952C8798A0}.Debug|x86.Build.0 = Debug|Any CPU
		{C05B2597-FD4C-4C1C-AC42-7F952C8798A0}.Release|Any CPU.ActiveCfg = Release|Any CPU
		{C05B2597-FD4C-4C1C-AC42-7F952C8798A0}.Release|Any CPU.Build.0 = Release|Any CPU
		{C05B2597-FD4C-4C1C-AC42-7F952C8798A0}.Release|x64.ActiveCfg = Release|Any CPU
		{C05B2597-FD4C-4C1C-AC42-7F952C8798A0}.Release|x64.Build.0 = Release|Any CPU
		{C05B2597-FD4C-4C1C-AC42-7F952C8798A0}.Release|x86.ActiveCfg = Release|Any CPU
		{C05B2597-FD4C-4C1C-AC42-7F952C8798A0}.Release|x86.Build.0 = Release|Any CPU
		{ACCB67A4-F80F-427B-8372-963D82FBE2C8}.Debug|Any CPU.ActiveCfg = Debug|Any CPU
		{ACCB67A4-F80F-427B-8372-963D82FBE2C8}.Debug|Any CPU.Build.0 = Debug|Any CPU
		{ACCB67A4-F80F-427B-8372-963D82FBE2C8}.Debug|x64.ActiveCfg = Debug|Any CPU
		{ACCB67A4-F80F-427B-8372-963D82FBE2C8}.Debug|x64.Build.0 = Debug|Any CPU
		{ACCB67A4-F80F-427B-8372-963D82FBE2C8}.Debug|x86.ActiveCfg = Debug|Any CPU
		{ACCB67A4-F80F-427B-8372-963D82FBE2C8}.Debug|x86.Build.0 = Debug|Any CPU
		{ACCB67A4-F80F-427B-8372-963D82FBE2C8}.Release|Any CPU.ActiveCfg = Release|Any CPU
		{ACCB67A4-F80F-427B-8372-963D82FBE2C8}.Release|Any CPU.Build.0 = Release|Any CPU
		{ACCB67A4-F80F-427B-8372-963D82FBE2C8}.Release|x64.ActiveCfg = Release|Any CPU
		{ACCB67A4-F80F-427B-8372-963D82FBE2C8}.Release|x64.Build.0 = Release|Any CPU
		{ACCB67A4-F80F-427B-8372-963D82FBE2C8}.Release|x86.ActiveCfg = Release|Any CPU
		{ACCB67A4-F80F-427B-8372-963D82FBE2C8}.Release|x86.Build.0 = Release|Any CPU
	EndGlobalSection
EndGlobal
